Microsoft Visual Studio Solution File, Format Version 12.00
# Visual Studio Version 17
VisualStudioVersion = 17.5.2.0
MinimumVisualStudioVersion = 10.0.40219.1
Project("{FAE04EC0-301F-11D3-BF4B-00C04F79EFBC}") = "PJConsulting-WebAPI", "PJConsulting-WebAPI\PJConsulting-WebAPI.csproj", "{13215D69-E2D4-8861-280E-AD5C90A7599E}"
EndProject
Global
	GlobalSection(SolutionConfigurationPlatforms) = preSolution
		Debug|Any CPU = Debug|Any CPU
		Release|Any CPU = Release|Any CPU
	EndGlobalSection
	GlobalSection(ProjectConfigurationPlatforms) = postSolution
		{13215D69-E2D4-8861-280E-AD5C90A7599E}.Debug|Any CPU.ActiveCfg = Debug|Any CPU
		{13215D69-E2D4-8861-280E-AD5C90A7599E}.Debug|Any CPU.Build.0 = Debug|Any CPU
		{13215D69-E2D4-8861-280E-AD5C90A7599E}.Release|Any CPU.ActiveCfg = Release|Any CPU
		{13215D69-E2D4-8861-280E-AD5C90A7599E}.Release|Any CPU.Build.0 = Release|Any CPU
	EndGlobalSection
	GlobalSection(SolutionProperties) = preSolution
		HideSolutionNode = FALSE
	EndGlobalSection
	GlobalSection(ExtensibilityGlobals) = postSolution
		SolutionGuid = {F5816E51-CB43-4A5B-8BAC-9C1E5C7EBDDA}
	EndGlobalSection
EndGlobal
